{
  "name": "erpQ",
  "lockfileVersion": 3,
  "requires": true,
  "packages": {
    "": {
      "dependencies": {
        "@tiptap/core": "^3.22.4",
        "@tiptap/extension-color": "^3.22.4",
        "@tiptap/extension-font-family": "^3.22.4",
        "@tiptap/extension-highlight": "^3.22.4",
        "@tiptap/extension-subscript": "^3.22.4",
        "@tiptap/extension-superscript": "^3.22.4",
        "@tiptap/extension-table": "^3.22.4",
        "@tiptap/extension-table-cell": "^3.22.4",
        "@tiptap/extension-table-header": "^3.22.4",
        "@tiptap/extension-table-row": "^3.22.4",
        "@tiptap/extension-task-item": "^3.22.4",
        "@tiptap/extension-task-list": "^3.22.4",
        "@tiptap/extension-text-style": "^3.22.4"
      }
    },
    "node_modules/@tiptap/core": {
      "version": "3.22.4",
      "resolved": "https://registry.npmjs.org/@tiptap/core/-/core-3.22.4.tgz",
      "integrity": "sha512-vGIGm/HpqLg8EAAQXQ+koV+/S828OEpzocfWcPOwo1u2QUVf9dQG47Yy6JJ8zFFaJwfv4dBcOXli+7BrJwsxDQ==",
      "funding": {
        "type": "github",
        "url": "https://github.com/sponsors/ueberdosis"
      },
      "peerDependencies": {
        "@tiptap/pm": "3.22.4"
      }
    },
    "node_modules/@tiptap/extension-color": {
      "version": "3.22.4",
      "resolved": "https://registry.npmjs.org/@tiptap/extension-color/-/extension-color-3.22.4.tgz",
      "integrity": "sha512-1vDuVsrOETshe4j4nZhWalbKYcWfNybRCe30h829ExX06XwFryUYLb/LgTIaGCr9beWZUldsK+vOkBWdDTGMTw==",
      "funding": {
        "type": "github",
        "url": "https://github.com/sponsors/ueberdosis"
      },
      "peerDependencies": {
        "@tiptap/extension-text-style": "3.22.4"
      }
    },
    "node_modules/@tiptap/extension-font-family": {
      "version": "3.22.4",
      "resolved": "https://registry.npmjs.org/@tiptap/extension-font-family/-/extension-font-family-3.22.4.tgz",
      "integrity": "sha512-e4DSZTQeM0P/ko3mMeZIb/otLUWCv/vobtEX5FGwstl9RJzaso5cTA6avMQaAff+xerovxvhkCMfye0+PL8YGw==",
      "funding": {
        "type": "github",
        "url": "https://github.com/sponsors/ueberdosis"
      },
      "peerDependencies": {
        "@tiptap/extension-text-style": "3.22.4"
      }
    },
    "node_modules/@tiptap/extension-highlight": {
      "version": "3.22.4",
      "resolved": "https://registry.npmjs.org/@tiptap/extension-highlight/-/extension-highlight-3.22.4.tgz",
      "integrity": "sha512-QItbgkWqGZ04rOdYfjrn1TaUTv9XLKQE9VVJm9f6bxCpacPREJpz4lzkdea6zISHBZjEXJzlkjRWZP0zQLXXFA==",
      "funding": {
        "type": "github",
        "url": "https://github.com/sponsors/ueberdosis"
      },
      "peerDependencies": {
        "@tiptap/core": "3.22.4"
      }
    },
    "node_modules/@tiptap/extension-subscript": {
      "version": "3.22.4",
      "resolved": "https://registry.npmjs.org/@tiptap/extension-subscript/-/extension-subscript-3.22.4.tgz",
      "integrity": "sha512-95Uwi8jEYVr/qil7tGZhG87wR0SNIUBZXSFcDkDeFBzRdccofwD2XL2HU5FqWm2IPNuE21lQWPImVspXR0Kzyw==",
      "funding": {
        "type": "github",
        "url": "https://github.com/sponsors/ueberdosis"
      },
      "peerDependencies": {
        "@tiptap/core": "3.22.4",
        "@tiptap/pm": "3.22.4"
      }
    },
    "node_modules/@tiptap/extension-superscript": {
      "version": "3.22.4",
      "resolved": "https://registry.npmjs.org/@tiptap/extension-superscript/-/extension-superscript-3.22.4.tgz",
      "integrity": "sha512-VGNR67uTmdTfRC5+1HqtAfA+kK6Lbh9tXitcIs8Scwxlq89PBOUEs11RnzcXfwv5hYq94WjgQJF3A99Jc9Cg2w==",
      "funding": {
        "type": "github",
        "url": "https://github.com/sponsors/ueberdosis"
      },
      "peerDependencies": {
        "@tiptap/core": "3.22.4",
        "@tiptap/pm": "3.22.4"
      }
    },
    "node_modules/@tiptap/extension-table": {
      "version": "3.22.4",
      "resolved": "https://registry.npmjs.org/@tiptap/extension-table/-/extension-table-3.22.4.tgz",
      "integrity": "sha512-kjvLv3Z4JI+1tLDqZKa+bKU8VcxY+ZOyMCKWQA7wYmy8nKWkLJ60W+xy8AcXXpHB2goCIgSFLhsTyswx0GXH4w==",
      "funding": {
        "type": "github",
        "url": "https://github.com/sponsors/ueberdosis"
      },
      "peerDependencies": {
        "@tiptap/core": "3.22.4",
        "@tiptap/pm": "3.22.4"
      }
    },
    "node_modules/@tiptap/extension-table-cell": {
      "version": "3.22.4",
      "resolved": "https://registry.npmjs.org/@tiptap/extension-table-cell/-/extension-table-cell-3.22.4.tgz",
      "integrity": "sha512-uvFegCc1UQYK2nfIV2sIHg+hzLIMroJJm00XomzBgC1w/eSO7Ui8APiDh/baBcTPpCSU3SLiQLTgx7AU7oE3pg==",
      "funding": {
        "type": "github",
        "url": "https://github.com/sponsors/ueberdosis"
      },
      "peerDependencies": {
        "@tiptap/extension-table": "3.22.4"
      }
    },
    "node_modules/@tiptap/extension-table-header": {
      "version": "3.22.4",
      "resolved": "https://registry.npmjs.org/@tiptap/extension-table-header/-/extension-table-header-3.22.4.tgz",
      "integrity": "sha512-V4kLLWeRdc/I+IXiXZZhLAjsaHHiJWuLXTuOtZRDrCxQUiFLi4AgNg1DPQ09JAANkEWDhXq3x6BoUXaFwumbEw==",
      "funding": {
        "type": "github",
        "url": "https://github.com/sponsors/ueberdosis"
      },
      "peerDependencies": {
        "@tiptap/extension-table": "3.22.4"
      }
    },
    "node_modules/@tiptap/extension-table-row": {
      "version": "3.22.4",
      "resolved": "https://registry.npmjs.org/@tiptap/extension-table-row/-/extension-table-row-3.22.4.tgz",
      "integrity": "sha512-9tdS6jgS6DqUu5TpEmNrRoo/DL5Xam0PyrQaUEXUC+ssci+bMRCJ8PAWMcunNsI9NKf/Tb3wYrv6hGFChaT9uA==",
      "funding": {
        "type": "github",
        "url": "https://github.com/sponsors/ueberdosis"
      },
      "peerDependencies": {
        "@tiptap/extension-table": "3.22.4"
      }
    },
    "node_modules/@tiptap/extension-task-item": {
      "version": "3.22.4",
      "resolved": "https://registry.npmjs.org/@tiptap/extension-task-item/-/extension-task-item-3.22.4.tgz",
      "integrity": "sha512-PhoiOMatdRXJU1HJz0fMP5N7wv0eYAz/Id/gphby/gdxjYQaMhJ7vQiLTR28EkVBkdntTUb1bwZ4XQn9thFtpw==",
      "funding": {
        "type": "github",
        "url": "https://github.com/sponsors/ueberdosis"
      },
      "peerDependencies": {
        "@tiptap/extension-list": "3.22.4"
      }
    },
    "node_modules/@tiptap/extension-task-list": {
      "version": "3.22.4",
      "resolved": "https://registry.npmjs.org/@tiptap/extension-task-list/-/extension-task-list-3.22.4.tgz",
      "integrity": "sha512-5M3XiZMZJ2mwWSUKPG4mb90g86rpgYw7yf8lBEkaCgke9XxsLg8mXmYRpCc6n/v1TQXryB+WDKuenCzJTx/4/A==",
      "funding": {
        "type": "github",
        "url": "https://github.com/sponsors/ueberdosis"
      },
      "peerDependencies": {
        "@tiptap/extension-list": "3.22.4"
      }
    },
    "node_modules/@tiptap/extension-text-style": {
      "version": "3.22.4",
      "resolved": "https://registry.npmjs.org/@tiptap/extension-text-style/-/extension-text-style-3.22.4.tgz",
      "integrity": "sha512-24DVBdySNKq3ovY+v9ERVxAyHStDa6ftUlyoHuZv0YXQ2amjUNOmqQtGEHBIULpCbBb1jZ+atHhv9MBZ0Ia9Pw==",
      "funding": {
        "type": "github",
        "url": "https://github.com/sponsors/ueberdosis"
      },
      "peerDependencies": {
        "@tiptap/core": "3.22.4"
      }
    }
  }
}
